
Microsoft Visual Studio Solution File, Format Version 11.00
# Visual Studio 2010
Project("{FAE04EC0-301F-11D3-BF4B-00C04F79EFBC}") = "PC-Client", "PC-Client\PC-Client.csproj", "{355B1DC0-A3AF-4BF3-969B-F3502899163B}"
EndProject
Global
	GlobalSection(SolutionConfigurationPlatforms) = preSolution
		Debug|x86 = Debug|x86
		Release|x86 = Release|x86
	EndGlobalSection
	GlobalSection(ProjectConfigurationPlatforms) = postSolution
		{355B1DC0-A3AF-4BF3-969B-F3502899163B}.Debug|x86.ActiveCfg = Debug|x86
		{355B1DC0-A3AF-4BF3-969B-F3502899163B}.Debug|x86.Build.0 = Debug|x86
		{355B1DC0-A3AF-4BF3-969B-F3502899163B}.Release|x86.ActiveCfg = Release|x86
		{355B1DC0-A3AF-4BF3-969B-F3502899163B}.Release|x86.Build.0 = Release|x86
	EndGlobalSection
	GlobalSection(SolutionProperties) = preSolution
		HideSolutionNode = FALSE
	EndGlobalSection
EndGlobal
